
Microsoft Visual Studio Solution File, Format Version 12.00
# Visual Studio 15
VisualStudioVersion = 15.0.27130.2010
MinimumVisualStudioVersion = 10.0.40219.1
Project("{FAE04EC0-301F-11D3-BF4B-00C04F79EFBC}") = "SP.DAL", "SP.DAL\SP.DAL.csproj", "{9F7F99E4-8573-449D-8428-91B4228B81D8}"
	ProjectSection(ProjectDependencies) = postProject
		{DEB90809-6A8E-4CF9-9555-7B61F9BED09C} = {DEB90809-6A8E-4CF9-9555-7B61F9BED09C}
	EndProjectSection
EndProject
Project("{FAE04EC0-301F-11D3-BF4B-00C04F79EFBC}") = "SP.BLL", "SP.BLL\SP.BLL.csproj", "{394A6C3F-130C-4B5E-B380-78AC08D7133F}"
	ProjectSection(ProjectDependencies) = postProject
		{DEB90809-6A8E-4CF9-9555-7B61F9BED09C} = {DEB90809-6A8E-4CF9-9555-7B61F9BED09C}
		{9F7F99E4-8573-449D-8428-91B4228B81D8} = {9F7F99E4-8573-449D-8428-91B4228B81D8}
	EndProjectSection
EndProject
Project("{FAE04EC0-301F-11D3-BF4B-00C04F79EFBC}") = "SP.MVC", "SP.MVC\SP.MVC.csproj", "{E9325360-2D95-41C5-9828-E04EA0AEAC4F}"
	ProjectSection(ProjectDependencies) = postProject
		{DEB90809-6A8E-4CF9-9555-7B61F9BED09C} = {DEB90809-6A8E-4CF9-9555-7B61F9BED09C}
		{394A6C3F-130C-4B5E-B380-78AC08D7133F} = {394A6C3F-130C-4B5E-B380-78AC08D7133F}
		{9F7F99E4-8573-449D-8428-91B4228B81D8} = {9F7F99E4-8573-449D-8428-91B4228B81D8}
	EndProjectSection
EndProject
Project("{FAE04EC0-301F-11D3-BF4B-00C04F79EFBC}") = "SP.BE", "SP.BE\SP.BE.csproj", "{DEB90809-6A8E-4CF9-9555-7B61F9BED09C}"
EndProject
Global
	GlobalSection(SolutionConfigurationPlatforms) = preSolution
		Debug|Any CPU = Debug|Any CPU
		Release|Any CPU = Release|Any CPU
	EndGlobalSection
	GlobalSection(ProjectConfigurationPlatforms) = postSolution
		{9F7F99E4-8573-449D-8428-91B4228B81D8}.Debug|Any CPU.ActiveCfg = Debug|Any CPU
		{9F7F99E4-8573-449D-8428-91B4228B81D8}.Debug|Any CPU.Build.0 = Debug|Any CPU
		{9F7F99E4-8573-449D-8428-91B4228B81D8}.Release|Any CPU.ActiveCfg = Release|Any CPU
		{9F7F99E4-8573-449D-8428-91B4228B81D8}.Release|Any CPU.Build.0 = Release|Any CPU
		{394A6C3F-130C-4B5E-B380-78AC08D7133F}.Debug|Any CPU.ActiveCfg = Debug|Any CPU
		{394A6C3F-130C-4B5E-B380-78AC08D7133F}.Debug|Any CPU.Build.0 = Debug|Any CPU
		{394A6C3F-130C-4B5E-B380-78AC08D7133F}.Release|Any CPU.ActiveCfg = Release|Any CPU
		{394A6C3F-130C-4B5E-B380-78AC08D7133F}.Release|Any CPU.Build.0 = Release|Any CPU
		{E9325360-2D95-41C5-9828-E04EA0AEAC4F}.Debug|Any CPU.ActiveCfg = Debug|Any CPU
		{E9325360-2D95-41C5-9828-E04EA0AEAC4F}.Debug|Any CPU.Build.0 = Debug|Any CPU
		{E9325360-2D95-41C5-9828-E04EA0AEAC4F}.Release|Any CPU.ActiveCfg = Release|Any CPU
		{E9325360-2D95-41C5-9828-E04EA0AEAC4F}.Release|Any CPU.Build.0 = Release|Any CPU
		{DEB90809-6A8E-4CF9-9555-7B61F9BED09C}.Debug|Any CPU.ActiveCfg = Debug|Any CPU
		{DEB90809-6A8E-4CF9-9555-7B61F9BED09C}.Debug|Any CPU.Build.0 = Debug|Any CPU
		{DEB90809-6A8E-4CF9-9555-7B61F9BED09C}.Release|Any CPU.ActiveCfg = Release|Any CPU
		{DEB90809-6A8E-4CF9-9555-7B61F9BED09C}.Release|Any CPU.Build.0 = Release|Any CPU
	EndGlobalSection
	GlobalSection(SolutionProperties) = preSolution
		HideSolutionNode = FALSE
	EndGlobalSection
	GlobalSection(ExtensibilityGlobals) = postSolution
		SolutionGuid = {550020BA-0DD9-4C6E-8803-FDC742C217BC}
	EndGlobalSection
EndGlobal
